
Microsoft Visual Studio Solution File, Format Version 12.00
# Visual Studio Version 17
VisualStudioVersion = 17.3.32825.248
MinimumVisualStudioVersion = 10.0.40219.1
Project("{9A19103F-16F7-4668-BE54-9A1E7A4F7556}") = "OnspringConsole", "OnspringConsole.csproj", "{6584800C-EC6A-41C4-AE19-1C4EF4568B46}"
EndProject
Global
	GlobalSection(SolutionConfigurationPlatforms) = preSolution
		Debug|Any CPU = Debug|Any CPU
		Release|Any CPU = Release|Any CPU
	EndGlobalSection
	GlobalSection(ProjectConfigurationPlatforms) = postSolution
		{6584800C-EC6A-41C4-AE19-1C4EF4568B46}.Debug|Any CPU.ActiveCfg = Debug|Any CPU
		{6584800C-EC6A-41C4-AE19-1C4EF4568B46}.Debug|Any CPU.Build.0 = Debug|Any CPU
		{6584800C-EC6A-41C4-AE19-1C4EF4568B46}.Release|Any CPU.ActiveCfg = Release|Any CPU
		{6584800C-EC6A-41C4-AE19-1C4EF4568B46}.Release|Any CPU.Build.0 = Release|Any CPU
	EndGlobalSection
	GlobalSection(SolutionProperties) = preSolution
		HideSolutionNode = FALSE
	EndGlobalSection
	GlobalSection(ExtensibilityGlobals) = postSolution
		SolutionGuid = {E81FE6B4-9EFA-4ABA-8ADD-BD1F0E4301E0}
	EndGlobalSection
EndGlobal
